
Microsoft Visual Studio Solution File, Format Version 12.00
# Visual Studio Version 16
VisualStudioVersion = 16.0.29926.136
MinimumVisualStudioVersion = 10.0.40219.1
Project("{FAE04EC0-301F-11D3-BF4B-00C04F79EFBC}") = "DBS_Projekt", "DBS_Projekt.csproj", "{5F19E624-8724-4ECC-B26E-397641C41060}"
EndProject
Global
	GlobalSection(SolutionConfigurationPlatforms) = preSolution
		Debug|Any CPU = Debug|Any CPU
		Release|Any CPU = Release|Any CPU
	EndGlobalSection
	GlobalSection(ProjectConfigurationPlatforms) = postSolution
		{5F19E624-8724-4ECC-B26E-397641C41060}.Debug|Any CPU.ActiveCfg = Debug|Any CPU
		{5F19E624-8724-4ECC-B26E-397641C41060}.Debug|Any CPU.Build.0 = Debug|Any CPU
		{5F19E624-8724-4ECC-B26E-397641C41060}.Release|Any CPU.ActiveCfg = Release|Any CPU
		{5F19E624-8724-4ECC-B26E-397641C41060}.Release|Any CPU.Build.0 = Release|Any CPU
	EndGlobalSection
	GlobalSection(SolutionProperties) = preSolution
		HideSolutionNode = FALSE
	EndGlobalSection
	GlobalSection(ExtensibilityGlobals) = postSolution
		SolutionGuid = {735F951C-8173-4C05-A470-8A92A80725D9}
	EndGlobalSection
EndGlobal
